
Microsoft Visual Studio Solution File, Format Version 12.00
# Visual Studio 15
VisualStudioVersion = 15.0.28010.2036
MinimumVisualStudioVersion = 10.0.40219.1
Project("{FAE04EC0-301F-11D3-BF4B-00C04F79EFBC}") = "QuickSon", "QuickSon\QuickSon.csproj", "{0A00D7EB-C421-498A-9088-C3D75B7B5D44}"
EndProject
Project("{FAE04EC0-301F-11D3-BF4B-00C04F79EFBC}") = "Example", "QuickSonConsole\Example.csproj", "{94CBAE03-8372-4133-8CA4-A547BA1EE873}"
EndProject
Project("{2150E333-8FDC-42A3-9474-1A3956D46DE8}") = "Solution Items", "Solution Items", "{250E8AB5-D5C4-4D56-9B56-30DE7A606B5A}"
	ProjectSection(SolutionItems) = preProject
		readme.md = readme.md
	EndProjectSection
EndProject
Global
	GlobalSection(SolutionConfigurationPlatforms) = preSolution
		Debug|Any CPU = Debug|Any CPU
		Release|Any CPU = Release|Any CPU
	EndGlobalSection
	GlobalSection(ProjectConfigurationPlatforms) = postSolution
		{0A00D7EB-C421-498A-9088-C3D75B7B5D44}.Debug|Any CPU.ActiveCfg = Debug|Any CPU
		{0A00D7EB-C421-498A-9088-C3D75B7B5D44}.Debug|Any CPU.Build.0 = Debug|Any CPU
		{0A00D7EB-C421-498A-9088-C3D75B7B5D44}.Release|Any CPU.ActiveCfg = Release|Any CPU
		{0A00D7EB-C421-498A-9088-C3D75B7B5D44}.Release|Any CPU.Build.0 = Release|Any CPU
		{94CBAE03-8372-4133-8CA4-A547BA1EE873}.Debug|Any CPU.ActiveCfg = Debug|Any CPU
		{94CBAE03-8372-4133-8CA4-A547BA1EE873}.Debug|Any CPU.Build.0 = Debug|Any CPU
		{94CBAE03-8372-4133-8CA4-A547BA1EE873}.Release|Any CPU.ActiveCfg = Release|Any CPU
		{94CBAE03-8372-4133-8CA4-A547BA1EE873}.Release|Any CPU.Build.0 = Release|Any CPU
	EndGlobalSection
	GlobalSection(SolutionProperties) = preSolution
		HideSolutionNode = FALSE
	EndGlobalSection
	GlobalSection(ExtensibilityGlobals) = postSolution
		SolutionGuid = {D8E84DCE-EEC6-4B5E-B7F4-8CB91A6CD5AE}
	EndGlobalSection
EndGlobal
